
Microsoft Visual Studio Solution File, Format Version 12.00
# Visual Studio Version 17
VisualStudioVersion = 17.8.34330.188
MinimumVisualStudioVersion = 10.0.40219.1
Project("{9A19103F-16F7-4668-BE54-9A1E7A4F7556}") = "DATN.PARKING.DLL", "DATN.PARKING.DLL\DATN.PARKING.DLL.csproj", "{AFCDF855-5D97-4448-8E81-FDD5AF68CF88}"
EndProject
Project("{9A19103F-16F7-4668-BE54-9A1E7A4F7556}") = "DATN.PARKING.SERVICE", "DATN.PARKING.SERVICE\DATN.PARKING.SERVICE.csproj", "{5CF435AE-6DED-4ECF-89DA-1BC6720A34DC}"
EndProject
Project("{9A19103F-16F7-4668-BE54-9A1E7A4F7556}") = "DATN.PARKING.API", "DATN.PARKING.API\DATN.PARKING.API.csproj", "{29318954-7953-4DCE-BA5D-975251289A21}"
EndProject
Project("{9A19103F-16F7-4668-BE54-9A1E7A4F7556}") = "DATN.PARKING.UIUX", "DATN.PARKING.UIUX\DATN.PARKING.UIUX.csproj", "{C5679983-C6DE-4830-971C-1EE3AE30AEEC}"
EndProject
Global
	GlobalSection(SolutionConfigurationPlatforms) = preSolution
		Debug|Any CPU = Debug|Any CPU
		Release|Any CPU = Release|Any CPU
	EndGlobalSection
	GlobalSection(ProjectConfigurationPlatforms) = postSolution
		{AFCDF855-5D97-4448-8E81-FDD5AF68CF88}.Debug|Any CPU.ActiveCfg = Debug|Any CPU
		{AFCDF855-5D97-4448-8E81-FDD5AF68CF88}.Debug|Any CPU.Build.0 = Debug|Any CPU
		{AFCDF855-5D97-4448-8E81-FDD5AF68CF88}.Release|Any CPU.ActiveCfg = Release|Any CPU
		{AFCDF855-5D97-4448-8E81-FDD5AF68CF88}.Release|Any CPU.Build.0 = Release|Any CPU
		{5CF435AE-6DED-4ECF-89DA-1BC6720A34DC}.Debug|Any CPU.ActiveCfg = Debug|Any CPU
		{5CF435AE-6DED-4ECF-89DA-1BC6720A34DC}.Debug|Any CPU.Build.0 = Debug|Any CPU
		{5CF435AE-6DED-4ECF-89DA-1BC6720A34DC}.Release|Any CPU.ActiveCfg = Release|Any CPU
		{5CF435AE-6DED-4ECF-89DA-1BC6720A34DC}.Release|Any CPU.Build.0 = Release|Any CPU
		{29318954-7953-4DCE-BA5D-975251289A21}.Debug|Any CPU.ActiveCfg = Debug|Any CPU
		{29318954-7953-4DCE-BA5D-975251289A21}.Debug|Any CPU.Build.0 = Debug|Any CPU
		{29318954-7953-4DCE-BA5D-975251289A21}.Release|Any CPU.ActiveCfg = Release|Any CPU
		{29318954-7953-4DCE-BA5D-975251289A21}.Release|Any CPU.Build.0 = Release|Any CPU
		{C5679983-C6DE-4830-971C-1EE3AE30AEEC}.Debug|Any CPU.ActiveCfg = Debug|Any CPU
		{C5679983-C6DE-4830-971C-1EE3AE30AEEC}.Debug|Any CPU.Build.0 = Debug|Any CPU
		{C5679983-C6DE-4830-971C-1EE3AE30AEEC}.Release|Any CPU.ActiveCfg = Release|Any CPU
		{C5679983-C6DE-4830-971C-1EE3AE30AEEC}.Release|Any CPU.Build.0 = Release|Any CPU
	EndGlobalSection
	GlobalSection(SolutionProperties) = preSolution
		HideSolutionNode = FALSE
	EndGlobalSection
	GlobalSection(ExtensibilityGlobals) = postSolution
		SolutionGuid = {99677327-BAFA-4AA2-B6CA-0F1DEDDB308D}
	EndGlobalSection
EndGlobal
